// !$*UTF8*$!
{
	archiveVersion = 1;
	classes = {
	};
	objectVersion = 46;
	objects = {

/* Begin PBXBuildFile section */
		6E17067C1C61D1D2003DD33C /* AppDelegate.swift in Sources */ = {isa = PBXBuildFile; fileRef = 6E17067B1C61D1D2003DD33C /* AppDelegate.swift */; };
		6E17067E1C61D1D2003DD33C /* ViewController.swift in Sources */ = {isa = PBXBuildFile; fileRef = 6E17067D1C61D1D2003DD33C /* ViewController.swift */; };
		6E1706811C61D1D2003DD33C /* Main.storyboard in Resources */ = {isa = PBXBuildFile; fileRef = 6E17067F1C61D1D2003DD33C /* Main.storyboard */; };
		6E1706831C61D1D2003DD33C /* Assets.xcassets in Resources */ = {isa = PBXBuildFile; fileRef = 6E1706821C61D1D2003DD33C /* Assets.xcassets */; };
		6E1706861C61D1D2003DD33C /* LaunchScreen.storyboard in Resources */ = {isa = PBXBuildFile; fileRef = 6E1706841C61D1D2003DD33C /* LaunchScreen.storyboard */; };
		6E1706911C61D1D2003DD33C /* drawerTests.swift in Sources */ = {isa = PBXBuildFile; fileRef = 6E1706901C61D1D2003DD33C /* drawerTests.swift */; };
		6E17069C1C61D1D2003DD33C /* drawerUITests.swift in Sources */ = {isa = PBXBuildFile; fileRef = 6E17069B1C61D1D2003DD33C /* drawerUITests.swift */; };
/* End PBXBuildFile section */

/* Begin PBXContainerItemProxy section */
		6E17068D1C61D1D2003DD33C /* PBXContainerItemProxy */ = {
			isa = PBXContainerItemProxy;
			containerPortal = 6E1706701C61D1D2003DD33C /* Project object */;
			proxyType = 1;
			remoteGlobalIDString = 6E1706771C61D1D2003DD33C;
			remoteInfo = drawer;
		};
		6E1706981C61D1D2003DD33C /* PBXContainerItemProxy */ = {
			isa = PBXContainerItemProxy;
			containerPortal = 6E1706701C61D1D2003DD33C /* Project object */;
			proxyType = 1;
			remoteGlobalIDString = 6E1706771C61D1D2003DD33C;
			remoteInfo = drawer;
		};
/* End PBXContainerItemProxy section */

/* Begin PBXFileReference section */
		6E1706781C61D1D2003DD33C /* drawer.app */ = {isa = PBXFileReference; explicitFileType = wrapper.application; includeInIndex = 0; path = drawer.app; sourceTree = BUILT_PRODUCTS_DIR; };
		6E17067B1C61D1D2003DD33C /* AppDelegate.swift */ = {isa = PBXFileReference; lastKnownFileType = sourcecode.swift; path = AppDelegate.swift; sourceTree = "<group>"; };
		6E17067D1C61D1D2003DD33C /* ViewController.swift */ = {isa = PBXFileReference; lastKnownFileType = sourcecode.swift; path = ViewController.swift; sourceTree = "<group>"; };
		6E1706801C61D1D2003DD33C /* Base */ = {isa = PBXFileReference; lastKnownFileType = file.storyboard; name = Base; path = Base.lproj/Main.storyboard; sourceTree = "<group>"; };
		6E1706821C61D1D2003DD33C /* Assets.xcassets */ = {isa = PBXFileReference; lastKnownFileType = folder.assetcatalog; path = Assets.xcassets; sourceTree = "<group>"; };
		6E1706851C61D1D2003DD33C /* Base */ = {isa = PBXFileReference; lastKnownFileType = file.storyboard; name = Base; path = Base.lproj/LaunchScreen.storyboard; sourceTree = "<group>"; };
		6E1706871C61D1D2003DD33C /* Info.plist */ = {isa = PBXFileReference; lastKnownFileType = text.plist.xml; path = Info.plist; sourceTree = "<group>"; };
		6E17068C1C61D1D2003DD33C /* drawerTests.xctest */ = {isa = PBXFileReference; explicitFileType = wrapper.cfbundle; includeInIndex = 0; path = drawerTests.xctest; sourceTree = BUILT_PRODUCTS_DIR; };
		6E1706901C61D1D2003DD33C /* drawerTests.swift */ = {isa = PBXFileReference; lastKnownFileType = sourcecode.swift; path = drawerTests.swift; sourceTree = "<group>"; };
		6E1706921C61D1D2003DD33C /* Info.plist */ = {isa = PBXFileReference; lastKnownFileType = text.plist.xml; path = Info.plist; sourceTree = "<group>"; };
		6E1706971C61D1D2003DD33C /* drawerUITests.xctest */ = {isa = PBXFileReference; explicitFileType = wrapper.cfbundle; includeInIndex = 0; path = drawerUITests.xctest; sourceTree = BUILT_PRODUCTS_DIR; };
		6E17069B1C61D1D2003DD33C /* drawerUITests.swift */ = {isa = PBXFileReference; lastKnownFileType = sourcecode.swift; path = drawerUITests.swift; sourceTree = "<group>"; };
		6E17069D1C61D1D2003DD33C /* Info.plist */ = {isa = PBXFileReference; lastKnownFileType = text.plist.xml; path = Info.plist; sourceTree = "<group>"; };
/* End PBXFileReference section */

/* Begin PBXFrameworksBuildPhase section */
		6E1706751C61D1D2003DD33C /* Frameworks */ = {
			isa = PBXFrameworksBuildPhase;
			buildActionMask = 2147483647;
			files = (
			);
			runOnlyForDeploymentPostprocessing = 0;
		};
		6E1706891C61D1D2003DD33C /* Frameworks */ = {
			isa = PBXFrameworksBuildPhase;
			buildActionMask = 2147483647;
			files = (
			);
			runOnlyForDeploymentPostprocessing = 0;
		};
		6E1706941C61D1D2003DD33C /* Frameworks */ = {
			isa = PBXFrameworksBuildPhase;
			buildActionMask = 2147483647;
			files = (
			);
			runOnlyForDeploymentPostprocessing = 0;
		};
/* End PBXFrameworksBuildPhase section */

/* Begin PBXGroup section */
		6E17066F1C61D1D2003DD33C = {
			isa = PBXGroup;
			children = (
				6E17067A1C61D1D2003DD33C /* drawer */,
				6E17068F1C61D1D2003DD33C /* drawerTests */,
				6E17069A1C61D1D2003DD33C /* drawerUITests */,
				6E1706791C61D1D2003DD33C /* Products */,
			);
			sourceTree = "<group>";
		};
		6E1706791C61D1D2003DD33C /* Products */ = {
			isa = PBXGroup;
			children = (
				6E1706781C61D1D2003DD33C /* drawer.app */,
				6E17068C1C61D1D2003DD33C /* drawerTests.xctest */,
				6E1706971C61D1D2003DD33C /* drawerUITests.xctest */,
			);
			name = Products;
			sourceTree = "<group>";
		};
		6E17067A1C61D1D2003DD33C /* drawer */ = {
			isa = PBXGroup;
			children = (
				6E17067B1C61D1D2003DD33C /* AppDelegate.swift */,
				6E17067D1C61D1D2003DD33C /* ViewController.swift */,
				6E17067F1C61D1D2003DD33C /* Main.storyboard */,
				6E1706821C61D1D2003DD33C /* Assets.xcassets */,
				6E1706841C61D1D2003DD33C /* LaunchScreen.storyboard */,
				6E1706871C61D1D2003DD33C /* Info.plist */,
			);
			path = drawer;
			sourceTree = "<group>";
		};
		6E17068F1C61D1D2003DD33C /* drawerTests */ = {
			isa = PBXGroup;
			children = (
				6E1706901C61D1D2003DD33C /* drawerTests.swift */,
				6E1706921C61D1D2003DD33C /* Info.plist */,
			);
			path = drawerTests;
			sourceTree = "<group>";
		};
		6E17069A1C61D1D2003DD33C /* drawerUITests */ = {
			isa = PBXGroup;
			children = (
				6E17069B1C61D1D2003DD33C /* drawerUITests.swift */,
				6E17069D1C61D1D2003DD33C /* Info.plist */,
			);
			path = drawerUITests;
			sourceTree = "<group>";
		};
/* End PBXGroup section */

/* Begin PBXNativeTarget section */
		6E1706771C61D1D2003DD33C /* drawer */ = {
			isa = PBXNativeTarget;
			buildConfigurationList = 6E1706A01C61D1D2003DD33C /* Build configuration list for PBXNativeTarget "drawer" */;
			buildPhases = (
				6E1706741C61D1D2003DD33C /* Sources */,
				6E1706751C61D1D2003DD33C /* Frameworks */,
				6E1706761C61D1D2003DD33C /* Resources */,
			);
			buildRules = (
			);
			dependencies = (
			);
			name = drawer;
			productName = drawer;
			productReference = 6E1706781C61D1D2003DD33C /* drawer.app */;
			productType = "com.apple.product-type.application";
		};
		6E17068B1C61D1D2003DD33C /* drawerTests */ = {
			isa = PBXNativeTarget;
			buildConfigurationList = 6E1706A31C61D1D2003DD33C /* Build configuration list for PBXNativeTarget "drawerTests" */;
			buildPhases = (
				6E1706881C61D1D2003DD33C /* Sources */,
				6E1706891C61D1D2003DD33C /* Frameworks */,
				6E17068A1C61D1D2003DD33C /* Resources */,
			);
			buildRules = (
			);
			dependencies = (
				6E17068E1C61D1D2003DD33C /* PBXTargetDependency */,
			);
			name = drawerTests;
			productName = drawerTests;
			productReference = 6E17068C1C61D1D2003DD33C /* drawerTests.xctest */;
			productType = "com.apple.product-type.bundle.unit-test";
		};
		6E1706961C61D1D2003DD33C /* drawerUITests */ = {
			isa = PBXNativeTarget;
			buildConfigurationList = 6E1706A61C61D1D2003DD33C /* Build configuration list for PBXNativeTarget "drawerUITests" */;
			buildPhases = (
				6E1706931C61D1D2003DD33C /* Sources */,
				6E1706941C61D1D2003DD33C /* Frameworks */,
				6E1706951C61D1D2003DD33C /* Resources */,
			);
			buildRules = (
			);
			dependencies = (
				6E1706991C61D1D2003DD33C /* PBXTargetDependency */,
			);
			name = drawerUITests;
			productName = drawerUITests;
			productReference = 6E1706971C61D1D2003DD33C /* drawerUITests.xctest */;
			productType = "com.apple.product-type.bundle.ui-testing";
		};
/* End PBXNativeTarget section */

/* Begin PBXProject section */
		6E1706701C61D1D2003DD33C /* Project object */ = {
			isa = PBXProject;
			attributes = {
				LastSwiftUpdateCheck = 0720;
				LastUpgradeCheck = 0720;
				ORGANIZATIONNAME = ChanCyrus;
				TargetAttributes = {
					6E1706771C61D1D2003DD33C = {
						CreatedOnToolsVersion = 7.2;
					};
					6E17068B1C61D1D2003DD33C = {
						CreatedOnToolsVersion = 7.2;
						TestTargetID = 6E1706771C61D1D2003DD33C;
					};
					6E1706961C61D1D2003DD33C = {
						CreatedOnToolsVersion = 7.2;
						TestTargetID = 6E1706771C61D1D2003DD33C;
					};
				};
			};
			buildConfigurationList = 6E1706731C61D1D2003DD33C /* Build configuration list for PBXProject "drawer" */;
			compatibilityVersion = "Xcode 3.2";
			developmentRegion = English;
			hasScannedForEncodings = 0;
			knownRegions = (
				en,
				Base,
			);
			mainGroup = 6E17066F1C61D1D2003DD33C;
			productRefGroup = 6E1706791C61D1D2003DD33C /* Products */;
			projectDirPath = "";
			projectRoot = "";
			targets = (
				6E1706771C61D1D2003DD33C /* drawer */,
				6E17068B1C61D1D2003DD33C /* drawerTests */,
				6E1706961C61D1D2003DD33C /* drawerUITests */,
			);
		};
/* End PBXProject section */

/* Begin PBXResourcesBuildPhase section */
		6E1706761C61D1D2003DD33C /* Resources */ = {
			isa = PBXResourcesBuildPhase;
			buildActionMask = 2147483647;
			files = (
				6E1706861C61D1D2003DD33C /* LaunchScreen.storyboard in Resources */,
				6E1706831C61D1D2003DD33C /* Assets.xcassets in Resources */,
				6E1706811C61D1D2003DD33C /* Main.storyboard in Resources */,
			);
			runOnlyForDeploymentPostprocessing = 0;
		};
		6E17068A1C61D1D2003DD33C /* Resources */ = {
			isa = PBXResourcesBuildPhase;
			buildActionMask = 2147483647;
			files = (
			);
			runOnlyForDeploymentPostprocessing = 0;
		};
		6E1706951C61D1D2003DD33C /* Resources */ = {
			isa = PBXResourcesBuildPhase;
			buildActionMask = 2147483647;
			files = (
			);
			runOnlyForDeploymentPostprocessing = 0;
		};
/* End PBXResourcesBuildPhase section */

/* Begin PBXSourcesBuildPhase section */
		6E1706741C61D1D2003DD33C /* Sources */ = {
			isa = PBXSourcesBuildPhase;
			buildActionMask = 2147483647;
			files = (
				6E17067E1C61D1D2003DD33C /* ViewController.swift in Sources */,
				6E17067C1C61D1D2003DD33C /* AppDelegate.swift in Sources */,
			);
			runOnlyForDeploymentPostprocessing = 0;
		};
		6E1706881C61D1D2003DD33C /* Sources */ = {
			isa = PBXSourcesBuildPhase;
			buildActionMask = 2147483647;
			files = (
				6E1706911C61D1D2003DD33C /* drawerTests.swift in Sources */,
			);
			runOnlyForDeploymentPostprocessing = 0;
		};
		6E1706931C61D1D2003DD33C /* Sources */ = {
			isa = PBXSourcesBuildPhase;
			buildActionMask = 2147483647;
			files = (
				6E17069C1C61D1D2003DD33C /* drawerUITests.swift in Sources */,
			);
			runOnlyForDeploymentPostprocessing = 0;
		};
/* End PBXSourcesBuildPhase section */

/* Begin PBXTargetDependency section */
		6E17068E1C61D1D2003DD33C /* PBXTargetDependency */ = {
			isa = PBXTargetDependency;
			target = 6E1706771C61D1D2003DD33C /* drawer */;
			targetProxy = 6E17068D1C61D1D2003DD33C /* PBXContainerItemProxy */;
		};
		6E1706991C61D1D2003DD33C /* PBXTargetDependency */ = {
			isa = PBXTargetDependency;
			target = 6E1706771C61D1D2003DD33C /* drawer */;
			targetProxy = 6E1706981C61D1D2003DD33C /* PBXContainerItemProxy */;
		};
/* End PBXTargetDependency section */

/* Begin PBXVariantGroup section */
		6E17067F1C61D1D2003DD33C /* Main.storyboard */ = {
			isa = PBXVariantGroup;
			children = (
				6E1706801C61D1D2003DD33C /* Base */,
			);
			name = Main.storyboard;
			sourceTree = "<group>";
		};
		6E1706841C61D1D2003DD33C /* LaunchScreen.storyboard */ = {
			isa = PBXVariantGroup;
			children = (
				6E1706851C61D1D2003DD33C /* Base */,
			);
			name = LaunchScreen.storyboard;
			sourceTree = "<group>";
		};
/* End PBXVariantGroup section */

/* Begin XCBuildConfiguration section */
		6E17069E1C61D1D2003DD33C /* Debug */ = {
			isa = XCBuildConfiguration;
			buildSettings = {
				ALWAYS_SEARCH_USER_PATHS = NO;
				CLANG_CXX_LANGUAGE_STANDARD = "gnu++0x";
				CLANG_CXX_LIBRARY = "libc++";
				CLANG_ENABLE_MODULES = YES;
				CLANG_ENABLE_OBJC_ARC = YES;
				CLANG_WARN_BOOL_CONVERSION = YES;
				CLANG_WARN_CONSTANT_CONVERSION = YES;
				CLANG_WARN_DIRECT_OBJC_ISA_USAGE = YES_ERROR;
				CLANG_WARN_EMPTY_BODY = YES;
				CLANG_WARN_ENUM_CONVERSION = YES;
				CLANG_WARN_INT_CONVERSION = YES;
				CLANG_WARN_OBJC_ROOT_CLASS = YES_ERROR;
				CLANG_WARN_UNREACHABLE_CODE = YES;
				CLANG_WARN__DUPLICATE_METHOD_MATCH = YES;
				"CODE_SIGN_IDENTITY[sdk=iphoneos*]" = "iPhone Developer";
				COPY_PHASE_STRIP = NO;
				DEBUG_INFORMATION_FORMAT = dwarf;
				ENABLE_STRICT_OBJC_MSGSEND = YES;
				ENABLE_TESTABILITY = YES;
				GCC_C_LANGUAGE_STANDARD = gnu99;
				GCC_DYNAMIC_NO_PIC = NO;
				GCC_NO_COMMON_BLOCKS = YES;
				GCC_OPTIMIZATION_LEVEL = 0;
				GCC_PREPROCESSOR_DEFINITIONS = (
					"DEBUG=1",
					"$(inherited)",
				);
				GCC_WARN_64_TO_32_BIT_CONVERSION = YES;
				GCC_WARN_ABOUT_RETURN_TYPE = YES_ERROR;
				GCC_WARN_UNDECLARED_SELECTOR = YES;
				GCC_WARN_UNINITIALIZED_AUTOS = YES_AGGRESSIVE;
				GCC_WARN_UNUSED_FUNCTION = YES;
				GCC_WARN_UNUSED_VARIABLE = YES;
				IPHONEOS_DEPLOYMENT_TARGET = 9.2;
				MTL_ENABLE_DEBUG_INFO = YES;
				ONLY_ACTIVE_ARCH = YES;
				SDKROOT = iphoneos;
				SWIFT_OPTIMIZATION_LEVEL = "-Onone";
				TARGETED_DEVICE_FAMILY = "1,2";
			};
			name = Debug;
		};
		6E17069F1C61D1D2003DD33C /* Release */ = {
			isa = XCBuildConfiguration;
			buildSettings = {
				ALWAYS_SEARCH_USER_PATHS = NO;
				CLANG_CXX_LANGUAGE_STANDARD = "gnu++0x";
				CLANG_CXX_LIBRARY = "libc++";
				CLANG_ENABLE_MODULES = YES;
				CLANG_ENABLE_OBJC_ARC = YES;
				CLANG_WARN_BOOL_CONVERSION = YES;
				CLANG_WARN_CONSTANT_CONVERSION = YES;
				CLANG_WARN_DIRECT_OBJC_ISA_USAGE = YES_ERROR;
				CLANG_WARN_EMPTY_BODY = YES;
				CLANG_WARN_ENUM_CONVERSION = YES;
				CLANG_WARN_INT_CONVERSION = YES;
				CLANG_WARN_OBJC_ROOT_CLASS = YES_ERROR;
				CLANG_WARN_UNREACHABLE_CODE = YES;
				CLANG_WARN__DUPLICATE_METHOD_MATCH = YES;
				"CODE_SIGN_IDENTITY[sdk=iphoneos*]" = "iPhone Developer";
				COPY_PHASE_STRIP = NO;
				DEBUG_INFORMATION_FORMAT = "dwarf-with-dsym";
				ENABLE_NS_ASSERTIONS = NO;
				ENABLE_STRICT_OBJC_MSGSEND = YES;
				GCC_C_LANGUAGE_STANDARD = gnu99;
				GCC_NO_COMMON_BLOCKS = YES;
				GCC_WARN_64_TO_32_BIT_CONVERSION = YES;
				GCC_WARN_ABOUT_RETURN_TYPE = YES_ERROR;
				GCC_WARN_UNDECLARED_SELECTOR = YES;
				GCC_WARN_UNINITIALIZED_AUTOS = YES_AGGRESSIVE;
				GCC_WARN_UNUSED_FUNCTION = YES;
				GCC_WARN_UNUSED_VARIABLE = YES;
				IPHONEOS_DEPLOYMENT_TARGET = 9.2;
				MTL_ENABLE_DEBUG_INFO = NO;
				SDKROOT = iphoneos;
				TARGETED_DEVICE_FAMILY = "1,2";
				VALIDATE_PRODUCT = YES;
			};
			name = Release;
		};
		6E1706A11C61D1D2003DD33C /* Debug */ = {
			isa = XCBuildConfiguration;
			buildSettings = {
				ASSETCATALOG_COMPILER_APPICON_NAME = AppIcon;
				INFOPLIST_FILE = drawer/Info.plist;
				LD_RUNPATH_SEARCH_PATHS = "$(inherited) @executable_path/Frameworks";
				PRODUCT_BUNDLE_IDENTIFIER = com.cyruschan.drawer;
				PRODUCT_NAME = "$(TARGET_NAME)";
			};
			name = Debug;
		};
		6E1706A21C61D1D2003DD33C /* Release */ = {
			isa = XCBuildConfiguration;
			buildSettings = {
				ASSETCATALOG_COMPILER_APPICON_NAME = AppIcon;
				INFOPLIST_FILE = drawer/Info.plist;
				LD_RUNPATH_SEARCH_PATHS = "$(inherited) @executable_path/Frameworks";
				PRODUCT_BUNDLE_IDENTIFIER = com.cyruschan.drawer;
				PRODUCT_NAME = "$(TARGET_NAME)";
			};
			name = Release;
		};
		6E1706A41C61D1D2003DD33C /* Debug */ = {
			isa = XCBuildConfiguration;
			buildSettings = {
				BUNDLE_LOADER = "$(TEST_HOST)";
				INFOPLIST_FILE = drawerTests/Info.plist;
				LD_RUNPATH_SEARCH_PATHS = "$(inherited) @executable_path/Frameworks @loader_path/Frameworks";
				PRODUCT_BUNDLE_IDENTIFIER = com.cyruschan.drawerTests;
				PRODUCT_NAME = "$(TARGET_NAME)";
				TEST_HOST = "$(BUILT_PRODUCTS_DIR)/drawer.app/drawer";
			};
			name = Debug;
		};
		6E1706A51C61D1D2003DD33C /* Release */ = {
			isa = XCBuildConfiguration;
			buildSettings = {
				BUNDLE_LOADER = "$(TEST_HOST)";
				INFOPLIST_FILE = drawerTests/Info.plist;
				LD_RUNPATH_SEARCH_PATHS = "$(inherited) @executable_path/Frameworks @loader_path/Frameworks";
				PRODUCT_BUNDLE_IDENTIFIER = com.cyruschan.drawerTests;
				PRODUCT_NAME = "$(TARGET_NAME)";
				TEST_HOST = "$(BUILT_PRODUCTS_DIR)/drawer.app/drawer";
			};
			name = Release;
		};
		6E1706A71C61D1D2003DD33C /* Debug */ = {
			isa = XCBuildConfiguration;
			buildSettings = {
				INFOPLIST_FILE = drawerUITests/Info.plist;
				LD_RUNPATH_SEARCH_PATHS = "$(inherited) @executable_path/Frameworks @loader_path/Frameworks";
				PRODUCT_BUNDLE_IDENTIFIER = com.cyruschan.drawerUITests;
				PRODUCT_NAME = "$(TARGET_NAME)";
				TEST_TARGET_NAME = drawer;
				USES_XCTRUNNER = YES;
			};
			name = Debug;
		};
		6E1706A81C61D1D2003DD33C /* Release */ = {
			isa = XCBuildConfiguration;
			buildSettings = {
				INFOPLIST_FILE = drawerUITests/Info.plist;
				LD_RUNPATH_SEARCH_PATHS = "$(inherited) @executable_path/Frameworks @loader_path/Frameworks";
				PRODUCT_BUNDLE_IDENTIFIER = com.cyruschan.drawerUITests;
				PRODUCT_NAME = "$(TARGET_NAME)";
				TEST_TARGET_NAME = drawer;
				USES_XCTRUNNER = YES;
			};
			name = Release;
		};
/* End XCBuildConfiguration section */

/* Begin XCConfigurationList section */
		6E1706731C61D1D2003DD33C /* Build configuration list for PBXProject "drawer" */ = {
			isa = XCConfigurationList;
			buildConfigurations = (
				6E17069E1C61D1D2003DD33C /* Debug */,
				6E17069F1C61D1D2003DD33C /* Release */,
			);
			defaultConfigurationIsVisible = 0;
			defaultConfigurationName = Release;
		};
		6E1706A01C61D1D2003DD33C /* Build configuration list for PBXNativeTarget "drawer" */ = {
			isa = XCConfigurationList;
			buildConfigurations = (
				6E1706A11C61D1D2003DD33C /* Debug */,
				6E1706A21C61D1D2003DD33C /* Release */,
			);
			defaultConfigurationIsVisible = 0;
		};
		6E1706A31C61D1D2003DD33C /* Build configuration list for PBXNativeTarget "drawerTests" */ = {
			isa = XCConfigurationList;
			buildConfigurations = (
				6E1706A41C61D1D2003DD33C /* Debug */,
				6E1706A51C61D1D2003DD33C /* Release */,
			);
			defaultConfigurationIsVisible = 0;
		};
		6E1706A61C61D1D2003DD33C /* Build configuration list for PBXNativeTarget "drawerUITests" */ = {
			isa = XCConfigurationList;
			buildConfigurations = (
				6E1706A71C61D1D2003DD33C /* Debug */,
				6E1706A81C61D1D2003DD33C /* Release */,
			);
			defaultConfigurationIsVisible = 0;
		};
/* End XCConfigurationList section */
	};
	rootObject = 6E1706701C61D1D2003DD33C /* Project object */;
}
